
Microsoft Visual Studio Solution File, Format Version 12.00
# Visual Studio Version 17
VisualStudioVersion = 17.3.32825.248
MinimumVisualStudioVersion = 10.0.40219.1
Project("{FAE04EC0-301F-11D3-BF4B-00C04F79EFBC}") = "Hello", "Hello\Hello.csproj", "{B18F6F42-DDB7-4CF3-9FE2-AC62A2385DEC}"
EndProject
Global
	GlobalSection(SolutionConfigurationPlatforms) = preSolution
		Debug|Any CPU = Debug|Any CPU
		Release|Any CPU = Release|Any CPU
	EndGlobalSection
	GlobalSection(ProjectConfigurationPlatforms) = postSolution
		{B18F6F42-DDB7-4CF3-9FE2-AC62A2385DEC}.Debug|Any CPU.ActiveCfg = Debug|Any CPU
		{B18F6F42-DDB7-4CF3-9FE2-AC62A2385DEC}.Debug|Any CPU.Build.0 = Debug|Any CPU
		{B18F6F42-DDB7-4CF3-9FE2-AC62A2385DEC}.Release|Any CPU.ActiveCfg = Release|Any CPU
		{B18F6F42-DDB7-4CF3-9FE2-AC62A2385DEC}.Release|Any CPU.Build.0 = Release|Any CPU
	EndGlobalSection
	GlobalSection(SolutionProperties) = preSolution
		HideSolutionNode = FALSE
	EndGlobalSection
	GlobalSection(ExtensibilityGlobals) = postSolution
		SolutionGuid = {F9624220-5B65-4C18-89AB-541B0C8DF390}
	EndGlobalSection
EndGlobal
